
Microsoft Visual Studio Solution File, Format Version 12.00
# Visual Studio Version 17
VisualStudioVersion = 17.0.32112.339
MinimumVisualStudioVersion = 10.0.40219.1
Project("{FAE04EC0-301F-11D3-BF4B-00C04F79EFBC}") = "WpfApp1", "WpfApp1\WpfApp1.csproj", "{2FAC964B-8899-4FA5-9815-C1685C5A9BB6}"
EndProject
Global
	GlobalSection(SolutionConfigurationPlatforms) = preSolution
		Debug|Any CPU = Debug|Any CPU
		Release|Any CPU = Release|Any CPU
	EndGlobalSection
	GlobalSection(ProjectConfigurationPlatforms) = postSolution
		{2FAC964B-8899-4FA5-9815-C1685C5A9BB6}.Debug|Any CPU.ActiveCfg = Debug|Any CPU
		{2FAC964B-8899-4FA5-9815-C1685C5A9BB6}.Debug|Any CPU.Build.0 = Debug|Any CPU
		{2FAC964B-8899-4FA5-9815-C1685C5A9BB6}.Release|Any CPU.ActiveCfg = Release|Any CPU
		{2FAC964B-8899-4FA5-9815-C1685C5A9BB6}.Release|Any CPU.Build.0 = Release|Any CPU
	EndGlobalSection
	GlobalSection(SolutionProperties) = preSolution
		HideSolutionNode = FALSE
	EndGlobalSection
	GlobalSection(ExtensibilityGlobals) = postSolution
		SolutionGuid = {EC5BEAEF-D254-43E8-AD75-4299779E5643}
	EndGlobalSection
EndGlobal
